
Microsoft Visual Studio Solution File, Format Version 12.00
# Visual Studio Version 16
VisualStudioVersion = 16.0.32228.343
MinimumVisualStudioVersion = 10.0.40219.1
Project("{8BC9CEB8-8B4A-11D0-8D11-00A0C91BC942}") = "Project_BigNumber", "Project_BigNumber\Project_BigNumber.vcxproj", "{960088FF-29A9-40AD-83C7-498FBD26972B}"
EndProject
Global
	GlobalSection(SolutionConfigurationPlatforms) = preSolution
		Debug|x64 = Debug|x64
		Debug|x86 = Debug|x86
		Release|x64 = Release|x64
		Release|x86 = Release|x86
	EndGlobalSection
	GlobalSection(ProjectConfigurationPlatforms) = postSolution
		{960088FF-29A9-40AD-83C7-498FBD26972B}.Debug|x64.ActiveCfg = Debug|x64
		{960088FF-29A9-40AD-83C7-498FBD26972B}.Debug|x64.Build.0 = Debug|x64
		{960088FF-29A9-40AD-83C7-498FBD26972B}.Debug|x86.ActiveCfg = Debug|Win32
		{960088FF-29A9-40AD-83C7-498FBD26972B}.Debug|x86.Build.0 = Debug|Win32
		{960088FF-29A9-40AD-83C7-498FBD26972B}.Release|x64.ActiveCfg = Release|x64
		{960088FF-29A9-40AD-83C7-498FBD26972B}.Release|x64.Build.0 = Release|x64
		{960088FF-29A9-40AD-83C7-498FBD26972B}.Release|x86.ActiveCfg = Release|Win32
		{960088FF-29A9-40AD-83C7-498FBD26972B}.Release|x86.Build.0 = Release|Win32
	EndGlobalSection
	GlobalSection(SolutionProperties) = preSolution
		HideSolutionNode = FALSE
	EndGlobalSection
	GlobalSection(ExtensibilityGlobals) = postSolution
		SolutionGuid = {CDC3C695-69FA-4BDE-8E01-5CE4994F7002}
	EndGlobalSection
EndGlobal
